// !$*UTF8*$!
{
	archiveVersion = 1;
	classes = {
	};
	objectVersion = 77;
	objects = {

/* Begin PBXBuildFile section */
		AF65D8952D429167006AD2F6 /* Then in Frameworks */ = {isa = PBXBuildFile; productRef = 991E291F2D39EDBF0036A9AC /* Then */; };
		AF65D99D2D429654006AD2F6 /* Cosmos in Frameworks */ = {isa = PBXBuildFile; productRef = AF65D99C2D429654006AD2F6 /* Cosmos */; };
		FA6B349F2D3F8FFD000D9697 /* Kingfisher in Frameworks */ = {isa = PBXBuildFile; productRef = FA6B349E2D3F8FFD000D9697 /* Kingfisher */; };
		FA6B34A22D3F900E000D9697 /* CombineMoya in Frameworks */ = {isa = PBXBuildFile; productRef = FA6B34A12D3F900E000D9697 /* CombineMoya */; };
		FA6B34A42D3F900E000D9697 /* Moya in Frameworks */ = {isa = PBXBuildFile; productRef = FA6B34A32D3F900E000D9697 /* Moya */; };
		FA6B34A62D3F900E000D9697 /* ReactiveMoya in Frameworks */ = {isa = PBXBuildFile; productRef = FA6B34A52D3F900E000D9697 /* ReactiveMoya */; };
		FA6B34A82D3F900E000D9697 /* RxMoya in Frameworks */ = {isa = PBXBuildFile; productRef = FA6B34A72D3F900E000D9697 /* RxMoya */; };
		FABB6A942D468AED0060A843 /* SnapKit in Frameworks */ = {isa = PBXBuildFile; productRef = FABB6A932D468AED0060A843 /* SnapKit */; };
/* End PBXBuildFile section */

/* Begin PBXFileReference section */
		FABB69A62D468A9D0060A843 /* Duckmelang.app */ = {isa = PBXFileReference; explicitFileType = wrapper.application; includeInIndex = 0; path = Duckmelang.app; sourceTree = BUILT_PRODUCTS_DIR; };
/* End PBXFileReference section */

/* Begin PBXFileSystemSynchronizedBuildFileExceptionSet section */
		FA4FE4192D2FA23E007423E3 /* Exceptions for "Duckmelang" folder in "Duckmelang" target */ = {
			isa = PBXFileSystemSynchronizedBuildFileExceptionSet;
			membershipExceptions = (
				Info.plist,
			);
			target = FA4FE4062D2FA23D007423E3 /* Duckmelang */;
		};
/* End PBXFileSystemSynchronizedBuildFileExceptionSet section */

/* Begin PBXFileSystemSynchronizedRootGroup section */
		FA4FE4092D2FA23D007423E3 /* Duckmelang */ = {
			isa = PBXFileSystemSynchronizedRootGroup;
			exceptions = (
				FA4FE4192D2FA23E007423E3 /* Exceptions for "Duckmelang" folder in "Duckmelang" target */,
			);
			path = Duckmelang;
			sourceTree = "<group>";
		};
/* End PBXFileSystemSynchronizedRootGroup section */

/* Begin PBXFrameworksBuildPhase section */
		FA4FE4042D2FA23D007423E3 /* Frameworks */ = {
			isa = PBXFrameworksBuildPhase;
			buildActionMask = 2147483647;
			files = (
				AF65D8952D429167006AD2F6 /* Then in Frameworks */,
				FABB6A942D468AED0060A843 /* SnapKit in Frameworks */,
				FA6B34A62D3F900E000D9697 /* ReactiveMoya in Frameworks */,
				FA6B34A42D3F900E000D9697 /* Moya in Frameworks */,
				FA6B349F2D3F8FFD000D9697 /* Kingfisher in Frameworks */,
				FA6B34A82D3F900E000D9697 /* RxMoya in Frameworks */,
				FA6B34A22D3F900E000D9697 /* CombineMoya in Frameworks */,
				AF65D99D2D429654006AD2F6 /* Cosmos in Frameworks */,
			);
			runOnlyForDeploymentPostprocessing = 0;
		};
/* End PBXFrameworksBuildPhase section */

/* Begin PBXGroup section */
		FA4FE3FE2D2FA23D007423E3 = {
			isa = PBXGroup;
			children = (
				FA4FE4092D2FA23D007423E3 /* Duckmelang */,
				FABB69A62D468A9D0060A843 /* Duckmelang.app */,
			);
			sourceTree = "<group>";
		};
/* End PBXGroup section */

/* Begin PBXNativeTarget section */
		FA4FE4062D2FA23D007423E3 /* Duckmelang */ = {
			isa = PBXNativeTarget;
			buildConfigurationList = FA4FE41A2D2FA23E007423E3 /* Build configuration list for PBXNativeTarget "Duckmelang" */;
			buildPhases = (
				FA4FE4032D2FA23D007423E3 /* Sources */,
				FA4FE4042D2FA23D007423E3 /* Frameworks */,
				FA4FE4052D2FA23D007423E3 /* Resources */,
			);
			buildRules = (
			);
			dependencies = (
			);
			fileSystemSynchronizedGroups = (
				FA4FE4092D2FA23D007423E3 /* Duckmelang */,
			);
			name = Duckmelang;
			packageProductDependencies = (
				991E291A2D39ECEB0036A9AC /* Then */,
				991E291D2D39ECF20036A9AC /* SnapKit */,
				991E291F2D39EDBF0036A9AC /* Then */,
				991E29222D39EDD60036A9AC /* Then */,
				991E29252D39EDE30036A9AC /* SnapKit */,
				991E29282D39EE040036A9AC /* Then */,
				991E292B2D39EE120036A9AC /* SnapKit */,
				991E292D2D39EE460036A9AC /* Then */,
				991E29302D39EF990036A9AC /* Then */,
				991E29332D39EFA40036A9AC /* SnapKit */,
				FA6B349E2D3F8FFD000D9697 /* Kingfisher */,
				FA6B34A12D3F900E000D9697 /* CombineMoya */,
				FA6B34A32D3F900E000D9697 /* Moya */,
				FA6B34A52D3F900E000D9697 /* ReactiveMoya */,
				FA6B34A72D3F900E000D9697 /* RxMoya */,
				AF65D99C2D429654006AD2F6 /* Cosmos */,
				FABB6A932D468AED0060A843 /* SnapKit */,
			);
			productName = Duckmelang;
			productReference = FABB69A62D468A9D0060A843 /* Duckmelang.app */;
			productType = "com.apple.product-type.application";
		};
/* End PBXNativeTarget section */

/* Begin PBXProject section */
		FA4FE3FF2D2FA23D007423E3 /* Project object */ = {
			isa = PBXProject;
			attributes = {
				BuildIndependentTargetsInParallel = 1;
				LastSwiftUpdateCheck = 1620;
				LastUpgradeCheck = 1620;
				TargetAttributes = {
					FA4FE4062D2FA23D007423E3 = {
						CreatedOnToolsVersion = 16.2;
					};
				};
			};
			buildConfigurationList = FA4FE4022D2FA23D007423E3 /* Build configuration list for PBXProject "Duckmelang" */;
			developmentRegion = en;
			hasScannedForEncodings = 0;
			knownRegions = (
				en,
				Base,
			);
			mainGroup = FA4FE3FE2D2FA23D007423E3;
			minimizedProjectReferenceProxies = 1;
			packageReferences = (
				FA6B349A2D3F8FF7000D9697 /* XCRemoteSwiftPackageReference "Then" */,
				FA6B349D2D3F8FFD000D9697 /* XCRemoteSwiftPackageReference "Kingfisher" */,
				FA6B34A02D3F900E000D9697 /* XCRemoteSwiftPackageReference "Moya" */,
				AF65D99B2D429654006AD2F6 /* XCRemoteSwiftPackageReference "Cosmos" */,
				FABB6A922D468AED0060A843 /* XCRemoteSwiftPackageReference "SnapKit" */,
			);
			preferredProjectObjectVersion = 77;
			productRefGroup = FA4FE3FE2D2FA23D007423E3;
			projectDirPath = "";
			projectRoot = "";
			targets = (
				FA4FE4062D2FA23D007423E3 /* Duckmelang */,
			);
		};
/* End PBXProject section */

/* Begin PBXResourcesBuildPhase section */
		FA4FE4052D2FA23D007423E3 /* Resources */ = {
			isa = PBXResourcesBuildPhase;
			buildActionMask = 2147483647;
			files = (
			);
			runOnlyForDeploymentPostprocessing = 0;
		};
/* End PBXResourcesBuildPhase section */

/* Begin PBXSourcesBuildPhase section */
		FA4FE4032D2FA23D007423E3 /* Sources */ = {
			isa = PBXSourcesBuildPhase;
			buildActionMask = 2147483647;
			files = (
			);
			runOnlyForDeploymentPostprocessing = 0;
		};
/* End PBXSourcesBuildPhase section */

/* Begin XCBuildConfiguration section */
		FA4FE41B2D2FA23E007423E3 /* Debug */ = {
			isa = XCBuildConfiguration;
			buildSettings = {
				ASSETCATALOG_COMPILER_APPICON_NAME = AppIcon;
				ASSETCATALOG_COMPILER_GLOBAL_ACCENT_COLOR_NAME = AccentColor;
				CODE_SIGN_STYLE = Automatic;
				CURRENT_PROJECT_VERSION = 1;
				GENERATE_INFOPLIST_FILE = YES;
				INFOPLIST_FILE = Duckmelang/Info.plist;
				INFOPLIST_KEY_UIApplicationSupportsIndirectInputEvents = YES;
				INFOPLIST_KEY_UILaunchStoryboardName = LaunchScreen;
				INFOPLIST_KEY_UISupportedInterfaceOrientations_iPad = "UIInterfaceOrientationPortrait UIInterfaceOrientationPortraitUpsideDown UIInterfaceOrientationLandscapeLeft UIInterfaceOrientationLandscapeRight";
				INFOPLIST_KEY_UISupportedInterfaceOrientations_iPhone = "UIInterfaceOrientationPortrait UIInterfaceOrientationLandscapeLeft UIInterfaceOrientationLandscapeRight";
				LD_RUNPATH_SEARCH_PATHS = (
					"$(inherited)",
					"@executable_path/Frameworks",
				);
				MARKETING_VERSION = 1.0;
				PRODUCT_BUNDLE_IDENTIFIER = com.minyoy.Duckmelang;
				PRODUCT_NAME = "$(TARGET_NAME)";
				SWIFT_EMIT_LOC_STRINGS = YES;
				SWIFT_VERSION = 5.0;
				TARGETED_DEVICE_FAMILY = "1,2";
			};
			name = Debug;
		};
		FA4FE41C2D2FA23E007423E3 /* Release */ = {
			isa = XCBuildConfiguration;
			buildSettings = {
				ASSETCATALOG_COMPILER_APPICON_NAME = AppIcon;
				ASSETCATALOG_COMPILER_GLOBAL_ACCENT_COLOR_NAME = AccentColor;
				CODE_SIGN_STYLE = Automatic;
				CURRENT_PROJECT_VERSION = 1;
				GENERATE_INFOPLIST_FILE = YES;
				INFOPLIST_FILE = Duckmelang/Info.plist;
				INFOPLIST_KEY_UIApplicationSupportsIndirectInputEvents = YES;
				INFOPLIST_KEY_UILaunchStoryboardName = LaunchScreen;
				INFOPLIST_KEY_UISupportedInterfaceOrientations_iPad = "UIInterfaceOrientationPortrait UIInterfaceOrientationPortraitUpsideDown UIInterfaceOrientationLandscapeLeft UIInterfaceOrientationLandscapeRight";
				INFOPLIST_KEY_UISupportedInterfaceOrientations_iPhone = "UIInterfaceOrientationPortrait UIInterfaceOrientationLandscapeLeft UIInterfaceOrientationLandscapeRight";
				LD_RUNPATH_SEARCH_PATHS = (
					"$(inherited)",
					"@executable_path/Frameworks",
				);
				MARKETING_VERSION = 1.0;
				PRODUCT_BUNDLE_IDENTIFIER = com.minyoy.Duckmelang;
				PRODUCT_NAME = "$(TARGET_NAME)";
				SWIFT_EMIT_LOC_STRINGS = YES;
				SWIFT_VERSION = 5.0;
				TARGETED_DEVICE_FAMILY = "1,2";
			};
			name = Release;
		};
		FA4FE41D2D2FA23E007423E3 /* Debug */ = {
			isa = XCBuildConfiguration;
			buildSettings = {
				ALWAYS_SEARCH_USER_PATHS = NO;
				ASSETCATALOG_COMPILER_GENERATE_SWIFT_ASSET_SYMBOL_EXTENSIONS = YES;
				CLANG_ANALYZER_NONNULL = YES;
				CLANG_ANALYZER_NUMBER_OBJECT_CONVERSION = YES_AGGRESSIVE;
				CLANG_CXX_LANGUAGE_STANDARD = "gnu++20";
				CLANG_ENABLE_MODULES = YES;
				CLANG_ENABLE_OBJC_ARC = YES;
				CLANG_ENABLE_OBJC_WEAK = YES;
				CLANG_WARN_BLOCK_CAPTURE_AUTORELEASING = YES;
				CLANG_WARN_BOOL_CONVERSION = YES;
				CLANG_WARN_COMMA = YES;
				CLANG_WARN_CONSTANT_CONVERSION = YES;
				CLANG_WARN_DEPRECATED_OBJC_IMPLEMENTATIONS = YES;
				CLANG_WARN_DIRECT_OBJC_ISA_USAGE = YES_ERROR;
				CLANG_WARN_DOCUMENTATION_COMMENTS = YES;
				CLANG_WARN_EMPTY_BODY = YES;
				CLANG_WARN_ENUM_CONVERSION = YES;
				CLANG_WARN_INFINITE_RECURSION = YES;
				CLANG_WARN_INT_CONVERSION = YES;
				CLANG_WARN_NON_LITERAL_NULL_CONVERSION = YES;
				CLANG_WARN_OBJC_IMPLICIT_RETAIN_SELF = YES;
				CLANG_WARN_OBJC_LITERAL_CONVERSION = YES;
				CLANG_WARN_OBJC_ROOT_CLASS = YES_ERROR;
				CLANG_WARN_QUOTED_INCLUDE_IN_FRAMEWORK_HEADER = YES;
				CLANG_WARN_RANGE_LOOP_ANALYSIS = YES;
				CLANG_WARN_STRICT_PROTOTYPES = YES;
				CLANG_WARN_SUSPICIOUS_MOVE = YES;
				CLANG_WARN_UNGUARDED_AVAILABILITY = YES_AGGRESSIVE;
				CLANG_WARN_UNREACHABLE_CODE = YES;
				CLANG_WARN__DUPLICATE_METHOD_MATCH = YES;
				COPY_PHASE_STRIP = NO;
				DEBUG_INFORMATION_FORMAT = dwarf;
				ENABLE_STRICT_OBJC_MSGSEND = YES;
				ENABLE_TESTABILITY = YES;
				ENABLE_USER_SCRIPT_SANDBOXING = YES;
				GCC_C_LANGUAGE_STANDARD = gnu17;
				GCC_DYNAMIC_NO_PIC = NO;
				GCC_NO_COMMON_BLOCKS = YES;
				GCC_OPTIMIZATION_LEVEL = 0;
				GCC_PREPROCESSOR_DEFINITIONS = (
					"DEBUG=1",
					"$(inherited)",
				);
				GCC_WARN_64_TO_32_BIT_CONVERSION = YES;
				GCC_WARN_ABOUT_RETURN_TYPE = YES_ERROR;
				GCC_WARN_UNDECLARED_SELECTOR = YES;
				GCC_WARN_UNINITIALIZED_AUTOS = YES_AGGRESSIVE;
				GCC_WARN_UNUSED_FUNCTION = YES;
				GCC_WARN_UNUSED_VARIABLE = YES;
				IPHONEOS_DEPLOYMENT_TARGET = 18.2;
				LOCALIZATION_PREFERS_STRING_CATALOGS = YES;
				MTL_ENABLE_DEBUG_INFO = INCLUDE_SOURCE;
				MTL_FAST_MATH = YES;
				ONLY_ACTIVE_ARCH = YES;
				SDKROOT = iphoneos;
				SWIFT_ACTIVE_COMPILATION_CONDITIONS = "DEBUG $(inherited)";
				SWIFT_OPTIMIZATION_LEVEL = "-Onone";
			};
			name = Debug;
		};
		FA4FE41E2D2FA23E007423E3 /* Release */ = {
			isa = XCBuildConfiguration;
			buildSettings = {
				ALWAYS_SEARCH_USER_PATHS = NO;
				ASSETCATALOG_COMPILER_GENERATE_SWIFT_ASSET_SYMBOL_EXTENSIONS = YES;
				CLANG_ANALYZER_NONNULL = YES;
				CLANG_ANALYZER_NUMBER_OBJECT_CONVERSION = YES_AGGRESSIVE;
				CLANG_CXX_LANGUAGE_STANDARD = "gnu++20";
				CLANG_ENABLE_MODULES = YES;
				CLANG_ENABLE_OBJC_ARC = YES;
				CLANG_ENABLE_OBJC_WEAK = YES;
				CLANG_WARN_BLOCK_CAPTURE_AUTORELEASING = YES;
				CLANG_WARN_BOOL_CONVERSION = YES;
				CLANG_WARN_COMMA = YES;
				CLANG_WARN_CONSTANT_CONVERSION = YES;
				CLANG_WARN_DEPRECATED_OBJC_IMPLEMENTATIONS = YES;
				CLANG_WARN_DIRECT_OBJC_ISA_USAGE = YES_ERROR;
				CLANG_WARN_DOCUMENTATION_COMMENTS = YES;
				CLANG_WARN_EMPTY_BODY = YES;
				CLANG_WARN_ENUM_CONVERSION = YES;
				CLANG_WARN_INFINITE_RECURSION = YES;
				CLANG_WARN_INT_CONVERSION = YES;
				CLANG_WARN_NON_LITERAL_NULL_CONVERSION = YES;
				CLANG_WARN_OBJC_IMPLICIT_RETAIN_SELF = YES;
				CLANG_WARN_OBJC_LITERAL_CONVERSION = YES;
				CLANG_WARN_OBJC_ROOT_CLASS = YES_ERROR;
				CLANG_WARN_QUOTED_INCLUDE_IN_FRAMEWORK_HEADER = YES;
				CLANG_WARN_RANGE_LOOP_ANALYSIS = YES;
				CLANG_WARN_STRICT_PROTOTYPES = YES;
				CLANG_WARN_SUSPICIOUS_MOVE = YES;
				CLANG_WARN_UNGUARDED_AVAILABILITY = YES_AGGRESSIVE;
				CLANG_WARN_UNREACHABLE_CODE = YES;
				CLANG_WARN__DUPLICATE_METHOD_MATCH = YES;
				COPY_PHASE_STRIP = NO;
				DEBUG_INFORMATION_FORMAT = "dwarf-with-dsym";
				ENABLE_NS_ASSERTIONS = NO;
				ENABLE_STRICT_OBJC_MSGSEND = YES;
				ENABLE_USER_SCRIPT_SANDBOXING = YES;
				GCC_C_LANGUAGE_STANDARD = gnu17;
				GCC_NO_COMMON_BLOCKS = YES;
				GCC_WARN_64_TO_32_BIT_CONVERSION = YES;
				GCC_WARN_ABOUT_RETURN_TYPE = YES_ERROR;
				GCC_WARN_UNDECLARED_SELECTOR = YES;
				GCC_WARN_UNINITIALIZED_AUTOS = YES_AGGRESSIVE;
				GCC_WARN_UNUSED_FUNCTION = YES;
				GCC_WARN_UNUSED_VARIABLE = YES;
				IPHONEOS_DEPLOYMENT_TARGET = 18.2;
				LOCALIZATION_PREFERS_STRING_CATALOGS = YES;
				MTL_ENABLE_DEBUG_INFO = NO;
				MTL_FAST_MATH = YES;
				SDKROOT = iphoneos;
				SWIFT_COMPILATION_MODE = wholemodule;
				VALIDATE_PRODUCT = YES;
			};
			name = Release;
		};
/* End XCBuildConfiguration section */

/* Begin XCConfigurationList section */
		FA4FE4022D2FA23D007423E3 /* Build configuration list for PBXProject "Duckmelang" */ = {
			isa = XCConfigurationList;
			buildConfigurations = (
				FA4FE41D2D2FA23E007423E3 /* Debug */,
				FA4FE41E2D2FA23E007423E3 /* Release */,
			);
			defaultConfigurationIsVisible = 0;
			defaultConfigurationName = Release;
		};
		FA4FE41A2D2FA23E007423E3 /* Build configuration list for PBXNativeTarget "Duckmelang" */ = {
			isa = XCConfigurationList;
			buildConfigurations = (
				FA4FE41B2D2FA23E007423E3 /* Debug */,
				FA4FE41C2D2FA23E007423E3 /* Release */,
			);
			defaultConfigurationIsVisible = 0;
			defaultConfigurationName = Release;
		};
/* End XCConfigurationList section */

/* Begin XCRemoteSwiftPackageReference section */
		AF65D99B2D429654006AD2F6 /* XCRemoteSwiftPackageReference "Cosmos" */ = {
			isa = XCRemoteSwiftPackageReference;
			repositoryURL = "https://github.com/evgenyneu/Cosmos.git";
			requirement = {
				kind = upToNextMajorVersion;
				minimumVersion = 25.0.1;
			};
		};
		FA6B349A2D3F8FF7000D9697 /* XCRemoteSwiftPackageReference "Then" */ = {
			isa = XCRemoteSwiftPackageReference;
			repositoryURL = "https://github.com/devxoul/Then";
			requirement = {
				kind = upToNextMajorVersion;
				minimumVersion = 3.0.0;
			};
		};
		FA6B349D2D3F8FFD000D9697 /* XCRemoteSwiftPackageReference "Kingfisher" */ = {
			isa = XCRemoteSwiftPackageReference;
			repositoryURL = "https://github.com/onevcat/Kingfisher";
			requirement = {
				kind = upToNextMajorVersion;
				minimumVersion = 8.1.3;
			};
		};
		FA6B34A02D3F900E000D9697 /* XCRemoteSwiftPackageReference "Moya" */ = {
			isa = XCRemoteSwiftPackageReference;
			repositoryURL = "https://github.com/Moya/Moya";
			requirement = {
				kind = upToNextMajorVersion;
				minimumVersion = 15.0.3;
			};
		};
		FABB6A922D468AED0060A843 /* XCRemoteSwiftPackageReference "SnapKit" */ = {
			isa = XCRemoteSwiftPackageReference;
			repositoryURL = "https://github.com/SnapKit/SnapKit";
			requirement = {
				kind = upToNextMajorVersion;
				minimumVersion = 5.7.1;
			};
		};
/* End XCRemoteSwiftPackageReference section */

/* Begin XCSwiftPackageProductDependency section */
		991E291A2D39ECEB0036A9AC /* Then */ = {
			isa = XCSwiftPackageProductDependency;
			productName = Then;
		};
		991E291D2D39ECF20036A9AC /* SnapKit */ = {
			isa = XCSwiftPackageProductDependency;
			productName = SnapKit;
		};
		991E291F2D39EDBF0036A9AC /* Then */ = {
			isa = XCSwiftPackageProductDependency;
			productName = Then;
		};
		991E29222D39EDD60036A9AC /* Then */ = {
			isa = XCSwiftPackageProductDependency;
			productName = Then;
		};
		991E29252D39EDE30036A9AC /* SnapKit */ = {
			isa = XCSwiftPackageProductDependency;
			productName = SnapKit;
		};
		991E29282D39EE040036A9AC /* Then */ = {
			isa = XCSwiftPackageProductDependency;
			productName = Then;
		};
		991E292B2D39EE120036A9AC /* SnapKit */ = {
			isa = XCSwiftPackageProductDependency;
			productName = SnapKit;
		};
		991E292D2D39EE460036A9AC /* Then */ = {
			isa = XCSwiftPackageProductDependency;
			productName = Then;
		};
		991E29302D39EF990036A9AC /* Then */ = {
			isa = XCSwiftPackageProductDependency;
			productName = Then;
		};
		991E29332D39EFA40036A9AC /* SnapKit */ = {
			isa = XCSwiftPackageProductDependency;
			productName = SnapKit;
		};
		AF65D99C2D429654006AD2F6 /* Cosmos */ = {
			isa = XCSwiftPackageProductDependency;
			package = AF65D99B2D429654006AD2F6 /* XCRemoteSwiftPackageReference "Cosmos" */;
			productName = Cosmos;
		};
		FA6B349E2D3F8FFD000D9697 /* Kingfisher */ = {
			isa = XCSwiftPackageProductDependency;
			package = FA6B349D2D3F8FFD000D9697 /* XCRemoteSwiftPackageReference "Kingfisher" */;
			productName = Kingfisher;
		};
		FA6B34A12D3F900E000D9697 /* CombineMoya */ = {
			isa = XCSwiftPackageProductDependency;
			package = FA6B34A02D3F900E000D9697 /* XCRemoteSwiftPackageReference "Moya" */;
			productName = CombineMoya;
		};
		FA6B34A32D3F900E000D9697 /* Moya */ = {
			isa = XCSwiftPackageProductDependency;
			package = FA6B34A02D3F900E000D9697 /* XCRemoteSwiftPackageReference "Moya" */;
			productName = Moya;
		};
		FA6B34A52D3F900E000D9697 /* ReactiveMoya */ = {
			isa = XCSwiftPackageProductDependency;
			package = FA6B34A02D3F900E000D9697 /* XCRemoteSwiftPackageReference "Moya" */;
			productName = ReactiveMoya;
		};
		FA6B34A72D3F900E000D9697 /* RxMoya */ = {
			isa = XCSwiftPackageProductDependency;
			package = FA6B34A02D3F900E000D9697 /* XCRemoteSwiftPackageReference "Moya" */;
			productName = RxMoya;
		};
		FABB6A932D468AED0060A843 /* SnapKit */ = {
			isa = XCSwiftPackageProductDependency;
			package = FABB6A922D468AED0060A843 /* XCRemoteSwiftPackageReference "SnapKit" */;
			productName = SnapKit;
		};
/* End XCSwiftPackageProductDependency section */
	};
	rootObject = FA4FE3FF2D2FA23D007423E3 /* Project object */;
}
