// !$*UTF8*$!
{
	archiveVersion = 1;
	classes = {
	};
	objectVersion = 77;
	objects = {

/* Begin PBXBuildFile section */
		AF65D4722D40AB1B006AD2F6 /* ProfileModifyView.swift in Sources */ = {isa = PBXBuildFile; fileRef = AF65D45E2D40AB1A006AD2F6 /* ProfileModifyView.swift */; };
		AF65D4732D40AB1B006AD2F6 /* PostScrapView.swift in Sources */ = {isa = PBXBuildFile; fileRef = AF65D46B2D40AB1A006AD2F6 /* PostScrapView.swift */; };
		AF65D4742D40AB1B006AD2F6 /* AccountClosing2View.swift in Sources */ = {isa = PBXBuildFile; fileRef = AF65D4632D40AB1A006AD2F6 /* AccountClosing2View.swift */; };
		AF65D4752D40AB1B006AD2F6 /* IdolChangeView.swift in Sources */ = {isa = PBXBuildFile; fileRef = AF65D4652D40AB1A006AD2F6 /* IdolChangeView.swift */; };
		AF65D4762D40AB1B006AD2F6 /* OtherProfileView.swift in Sources */ = {isa = PBXBuildFile; fileRef = AF65D46E2D40AB1A006AD2F6 /* OtherProfileView.swift */; };
		AF65D4772D40AB1B006AD2F6 /* MyPageView.swift in Sources */ = {isa = PBXBuildFile; fileRef = AF65D4682D40AB1A006AD2F6 /* MyPageView.swift */; };
		AF65D4782D40AB1B006AD2F6 /* ProfileView.swift in Sources */ = {isa = PBXBuildFile; fileRef = AF65D45F2D40AB1A006AD2F6 /* ProfileView.swift */; };
		AF65D4792D40AB1B006AD2F6 /* PushNotificationView.swift in Sources */ = {isa = PBXBuildFile; fileRef = AF65D46C2D40AB1A006AD2F6 /* PushNotificationView.swift */; };
		AF65D47A2D40AB1B006AD2F6 /* IdolAddView.swift in Sources */ = {isa = PBXBuildFile; fileRef = AF65D4642D40AB1A006AD2F6 /* IdolAddView.swift */; };
		AF65D47B2D40AB1B006AD2F6 /* ReviewView.swift in Sources */ = {isa = PBXBuildFile; fileRef = AF65D4602D40AB1A006AD2F6 /* ReviewView.swift */; };
		AF65D47C2D40AB1B006AD2F6 /* LoginInfo.swift in Sources */ = {isa = PBXBuildFile; fileRef = AF65D4662D40AB1A006AD2F6 /* LoginInfo.swift */; };
		AF65D47D2D40AB1B006AD2F6 /* FeedManagementViewl.swift in Sources */ = {isa = PBXBuildFile; fileRef = AF65D45D2D40AB1A006AD2F6 /* FeedManagementViewl.swift */; };
		AF65D47E2D40AB1B006AD2F6 /* MyPageTopView.swift in Sources */ = {isa = PBXBuildFile; fileRef = AF65D4672D40AB1A006AD2F6 /* MyPageTopView.swift */; };
		AF65D47F2D40AB1B006AD2F6 /* PostDetailView.swift in Sources */ = {isa = PBXBuildFile; fileRef = AF65D4692D40AB1A006AD2F6 /* PostDetailView.swift */; };
		AF65D4802D40AB1B006AD2F6 /* AccountClosing1View.swift in Sources */ = {isa = PBXBuildFile; fileRef = AF65D4622D40AB1A006AD2F6 /* AccountClosing1View.swift */; };
		AF65D4812D40AB1B006AD2F6 /* ReviewWriteView.swift in Sources */ = {isa = PBXBuildFile; fileRef = AF65D46F2D40AB1A006AD2F6 /* ReviewWriteView.swift */; };
		AF65D4822D40AB1B006AD2F6 /* PostRecommendedFilterChangeView.swift in Sources */ = {isa = PBXBuildFile; fileRef = AF65D46A2D40AB1A006AD2F6 /* PostRecommendedFilterChangeView.swift */; };
		AF65D49C2D40AB2F006AD2F6 /* AccountClosing1ViewController.swift in Sources */ = {isa = PBXBuildFile; fileRef = AF65D4882D40AB2F006AD2F6 /* AccountClosing1ViewController.swift */; };
		AF65D49D2D40AB2F006AD2F6 /* IdolChangeViewController.swift in Sources */ = {isa = PBXBuildFile; fileRef = AF65D48B2D40AB2F006AD2F6 /* IdolChangeViewController.swift */; };
		AF65D49E2D40AB2F006AD2F6 /* AccountClosing2ViewController.swift in Sources */ = {isa = PBXBuildFile; fileRef = AF65D4892D40AB2F006AD2F6 /* AccountClosing2ViewController.swift */; };
		AF65D49F2D40AB2F006AD2F6 /* ProfileViewController.swift in Sources */ = {isa = PBXBuildFile; fileRef = AF65D4852D40AB2F006AD2F6 /* ProfileViewController.swift */; };
		AF65D4A12D40AB2F006AD2F6 /* IdolAddViewController.swift in Sources */ = {isa = PBXBuildFile; fileRef = AF65D48A2D40AB2F006AD2F6 /* IdolAddViewController.swift */; };
		AF65D4A42D40AB2F006AD2F6 /* FeedManagementViewController.swift in Sources */ = {isa = PBXBuildFile; fileRef = AF65D4832D40AB2F006AD2F6 /* FeedManagementViewController.swift */; };
		AF65D4A52D40AB2F006AD2F6 /* PostRecommendedFilterViewController.swift in Sources */ = {isa = PBXBuildFile; fileRef = AF65D48F2D40AB2F006AD2F6 /* PostRecommendedFilterViewController.swift */; };
		AF65D4A62D40AB2F006AD2F6 /* PostDetailViewController.swift in Sources */ = {isa = PBXBuildFile; fileRef = AF65D48E2D40AB2F006AD2F6 /* PostDetailViewController.swift */; };
		AF65D4A72D40AB2F006AD2F6 /* OtherProfileModifyViewController.swift in Sources */ = {isa = PBXBuildFile; fileRef = AF65D4932D40AB2F006AD2F6 /* OtherProfileModifyViewController.swift */; };
		AF65D4A82D40AB2F006AD2F6 /* ReviewViewController.swift in Sources */ = {isa = PBXBuildFile; fileRef = AF65D4862D40AB2F006AD2F6 /* ReviewViewController.swift */; };
		AF65D4A92D40AB2F006AD2F6 /* ProfileModifyViewController.swift in Sources */ = {isa = PBXBuildFile; fileRef = AF65D4842D40AB2F006AD2F6 /* ProfileModifyViewController.swift */; };
		AF65D4AA2D40AB2F006AD2F6 /* ReviewWriteViewController.swift in Sources */ = {isa = PBXBuildFile; fileRef = AF65D4942D40AB2F006AD2F6 /* ReviewWriteViewController.swift */; };
		AF65D4AB2D40AB2F006AD2F6 /* PostScrapViewController.swift in Sources */ = {isa = PBXBuildFile; fileRef = AF65D4902D40AB2F006AD2F6 /* PostScrapViewController.swift */; };
		AF65D4AD2D40AB2F006AD2F6 /* LoginInfoViewController.swift in Sources */ = {isa = PBXBuildFile; fileRef = AF65D48C2D40AB2F006AD2F6 /* LoginInfoViewController.swift */; };
		AF65D4AE2D40AB2F006AD2F6 /* PushNotificationViewController.swift in Sources */ = {isa = PBXBuildFile; fileRef = AF65D4912D40AB2F006AD2F6 /* PushNotificationViewController.swift */; };
		AF65D4B72D40B481006AD2F6 /* Cosmos in Frameworks */ = {isa = PBXBuildFile; productRef = AF65D4B62D40B481006AD2F6 /* Cosmos */; };
		FA4FE4DC2D2FA7C6007423E3 /* SnapKit in Frameworks */ = {isa = PBXBuildFile; productRef = FA4FE4DB2D2FA7C6007423E3 /* SnapKit */; };
		FA4FE4DF2D2FA7CF007423E3 /* Then in Frameworks */ = {isa = PBXBuildFile; productRef = FA4FE4DE2D2FA7CF007423E3 /* Then */; };
		FA4FE4E22D2FA7F9007423E3 /* Moya in Frameworks */ = {isa = PBXBuildFile; productRef = FA4FE4E12D2FA7F9007423E3 /* Moya */; };
		FA4FE4E52D2FA80D007423E3 /* Kingfisher in Frameworks */ = {isa = PBXBuildFile; productRef = FA4FE4E42D2FA80D007423E3 /* Kingfisher */; };
/* End PBXBuildFile section */

/* Begin PBXFileReference section */
		AF65D45D2D40AB1A006AD2F6 /* FeedManagementViewl.swift */ = {isa = PBXFileReference; lastKnownFileType = sourcecode.swift; path = FeedManagementViewl.swift; sourceTree = "<group>"; };
		AF65D45E2D40AB1A006AD2F6 /* ProfileModifyView.swift */ = {isa = PBXFileReference; lastKnownFileType = sourcecode.swift; path = ProfileModifyView.swift; sourceTree = "<group>"; };
		AF65D45F2D40AB1A006AD2F6 /* ProfileView.swift */ = {isa = PBXFileReference; lastKnownFileType = sourcecode.swift; path = ProfileView.swift; sourceTree = "<group>"; };
		AF65D4602D40AB1A006AD2F6 /* ReviewView.swift */ = {isa = PBXFileReference; lastKnownFileType = sourcecode.swift; path = ReviewView.swift; sourceTree = "<group>"; };
		AF65D4622D40AB1A006AD2F6 /* AccountClosing1View.swift */ = {isa = PBXFileReference; lastKnownFileType = sourcecode.swift; path = AccountClosing1View.swift; sourceTree = "<group>"; };
		AF65D4632D40AB1A006AD2F6 /* AccountClosing2View.swift */ = {isa = PBXFileReference; lastKnownFileType = sourcecode.swift; path = AccountClosing2View.swift; sourceTree = "<group>"; };
		AF65D4642D40AB1A006AD2F6 /* IdolAddView.swift */ = {isa = PBXFileReference; lastKnownFileType = sourcecode.swift; path = IdolAddView.swift; sourceTree = "<group>"; };
		AF65D4652D40AB1A006AD2F6 /* IdolChangeView.swift */ = {isa = PBXFileReference; lastKnownFileType = sourcecode.swift; path = IdolChangeView.swift; sourceTree = "<group>"; };
		AF65D4662D40AB1A006AD2F6 /* LoginInfo.swift */ = {isa = PBXFileReference; lastKnownFileType = sourcecode.swift; path = LoginInfo.swift; sourceTree = "<group>"; };
		AF65D4672D40AB1A006AD2F6 /* MyPageTopView.swift */ = {isa = PBXFileReference; lastKnownFileType = sourcecode.swift; path = MyPageTopView.swift; sourceTree = "<group>"; };
		AF65D4682D40AB1A006AD2F6 /* MyPageView.swift */ = {isa = PBXFileReference; lastKnownFileType = sourcecode.swift; path = MyPageView.swift; sourceTree = "<group>"; };
		AF65D4692D40AB1A006AD2F6 /* PostDetailView.swift */ = {isa = PBXFileReference; lastKnownFileType = sourcecode.swift; path = PostDetailView.swift; sourceTree = "<group>"; };
		AF65D46A2D40AB1A006AD2F6 /* PostRecommendedFilterChangeView.swift */ = {isa = PBXFileReference; lastKnownFileType = sourcecode.swift; path = PostRecommendedFilterChangeView.swift; sourceTree = "<group>"; };
		AF65D46B2D40AB1A006AD2F6 /* PostScrapView.swift */ = {isa = PBXFileReference; lastKnownFileType = sourcecode.swift; path = PostScrapView.swift; sourceTree = "<group>"; };
		AF65D46C2D40AB1A006AD2F6 /* PushNotificationView.swift */ = {isa = PBXFileReference; lastKnownFileType = sourcecode.swift; path = PushNotificationView.swift; sourceTree = "<group>"; };
		AF65D46E2D40AB1A006AD2F6 /* OtherProfileView.swift */ = {isa = PBXFileReference; lastKnownFileType = sourcecode.swift; path = OtherProfileView.swift; sourceTree = "<group>"; };
		AF65D46F2D40AB1A006AD2F6 /* ReviewWriteView.swift */ = {isa = PBXFileReference; lastKnownFileType = sourcecode.swift; path = ReviewWriteView.swift; sourceTree = "<group>"; };
		AF65D4832D40AB2F006AD2F6 /* FeedManagementViewController.swift */ = {isa = PBXFileReference; lastKnownFileType = sourcecode.swift; path = FeedManagementViewController.swift; sourceTree = "<group>"; };
		AF65D4842D40AB2F006AD2F6 /* ProfileModifyViewController.swift */ = {isa = PBXFileReference; lastKnownFileType = sourcecode.swift; path = ProfileModifyViewController.swift; sourceTree = "<group>"; };
		AF65D4852D40AB2F006AD2F6 /* ProfileViewController.swift */ = {isa = PBXFileReference; lastKnownFileType = sourcecode.swift; path = ProfileViewController.swift; sourceTree = "<group>"; };
		AF65D4862D40AB2F006AD2F6 /* ReviewViewController.swift */ = {isa = PBXFileReference; lastKnownFileType = sourcecode.swift; path = ReviewViewController.swift; sourceTree = "<group>"; };
		AF65D4882D40AB2F006AD2F6 /* AccountClosing1ViewController.swift */ = {isa = PBXFileReference; lastKnownFileType = sourcecode.swift; path = AccountClosing1ViewController.swift; sourceTree = "<group>"; };
		AF65D4892D40AB2F006AD2F6 /* AccountClosing2ViewController.swift */ = {isa = PBXFileReference; lastKnownFileType = sourcecode.swift; path = AccountClosing2ViewController.swift; sourceTree = "<group>"; };
		AF65D48A2D40AB2F006AD2F6 /* IdolAddViewController.swift */ = {isa = PBXFileReference; lastKnownFileType = sourcecode.swift; path = IdolAddViewController.swift; sourceTree = "<group>"; };
		AF65D48B2D40AB2F006AD2F6 /* IdolChangeViewController.swift */ = {isa = PBXFileReference; lastKnownFileType = sourcecode.swift; path = IdolChangeViewController.swift; sourceTree = "<group>"; };
		AF65D48C2D40AB2F006AD2F6 /* LoginInfoViewController.swift */ = {isa = PBXFileReference; lastKnownFileType = sourcecode.swift; path = LoginInfoViewController.swift; sourceTree = "<group>"; };
		AF65D48E2D40AB2F006AD2F6 /* PostDetailViewController.swift */ = {isa = PBXFileReference; lastKnownFileType = sourcecode.swift; path = PostDetailViewController.swift; sourceTree = "<group>"; };
		AF65D48F2D40AB2F006AD2F6 /* PostRecommendedFilterViewController.swift */ = {isa = PBXFileReference; lastKnownFileType = sourcecode.swift; path = PostRecommendedFilterViewController.swift; sourceTree = "<group>"; };
		AF65D4902D40AB2F006AD2F6 /* PostScrapViewController.swift */ = {isa = PBXFileReference; lastKnownFileType = sourcecode.swift; path = PostScrapViewController.swift; sourceTree = "<group>"; };
		AF65D4912D40AB2F006AD2F6 /* PushNotificationViewController.swift */ = {isa = PBXFileReference; lastKnownFileType = sourcecode.swift; path = PushNotificationViewController.swift; sourceTree = "<group>"; };
		AF65D4932D40AB2F006AD2F6 /* OtherProfileModifyViewController.swift */ = {isa = PBXFileReference; lastKnownFileType = sourcecode.swift; path = OtherProfileModifyViewController.swift; sourceTree = "<group>"; };
		AF65D4942D40AB2F006AD2F6 /* ReviewWriteViewController.swift */ = {isa = PBXFileReference; lastKnownFileType = sourcecode.swift; path = ReviewWriteViewController.swift; sourceTree = "<group>"; };
		FA4FE4072D2FA23D007423E3 /* Duckmelang.app */ = {isa = PBXFileReference; explicitFileType = wrapper.application; includeInIndex = 0; name = Duckmelang.app; path = "/Users/nauvy__/Documents/GitHub/duckmelang-frontend/Duckmelang/build/Debug-iphoneos/Duckmelang.app"; sourceTree = "<absolute>"; };
/* End PBXFileReference section */

/* Begin PBXFileSystemSynchronizedBuildFileExceptionSet section */
		FA4FE4192D2FA23E007423E3 /* Exceptions for "Duckmelang" folder in "Duckmelang" target */ = {
			isa = PBXFileSystemSynchronizedBuildFileExceptionSet;
			membershipExceptions = (
				Info.plist,
			);
			target = FA4FE4062D2FA23D007423E3 /* Duckmelang */;
		};
/* End PBXFileSystemSynchronizedBuildFileExceptionSet section */

/* Begin PBXFileSystemSynchronizedRootGroup section */
		FA4FE4092D2FA23D007423E3 /* Duckmelang */ = {
			isa = PBXFileSystemSynchronizedRootGroup;
			exceptions = (
				FA4FE4192D2FA23E007423E3 /* Exceptions for "Duckmelang" folder in "Duckmelang" target */,
			);
			path = Duckmelang;
			sourceTree = "<group>";
		};
/* End PBXFileSystemSynchronizedRootGroup section */

/* Begin PBXFrameworksBuildPhase section */
		FA4FE4042D2FA23D007423E3 /* Frameworks */ = {
			isa = PBXFrameworksBuildPhase;
			buildActionMask = 2147483647;
			files = (
				AF65D4B72D40B481006AD2F6 /* Cosmos in Frameworks */,
				FA4FE4E52D2FA80D007423E3 /* Kingfisher in Frameworks */,
				FA4FE4DC2D2FA7C6007423E3 /* SnapKit in Frameworks */,
				FA4FE4DF2D2FA7CF007423E3 /* Then in Frameworks */,
				FA4FE4E22D2FA7F9007423E3 /* Moya in Frameworks */,
			);
			runOnlyForDeploymentPostprocessing = 0;
		};
/* End PBXFrameworksBuildPhase section */

/* Begin PBXGroup section */
		AF65D4612D40AB1A006AD2F6 /* Profile */ = {
			isa = PBXGroup;
			children = (
				AF65D45D2D40AB1A006AD2F6 /* FeedManagementViewl.swift */,
				AF65D45E2D40AB1A006AD2F6 /* ProfileModifyView.swift */,
				AF65D45F2D40AB1A006AD2F6 /* ProfileView.swift */,
				AF65D4602D40AB1A006AD2F6 /* ReviewView.swift */,
			);
			path = Profile;
			sourceTree = "<group>";
		};
		AF65D46D2D40AB1A006AD2F6 /* MyPage */ = {
			isa = PBXGroup;
			children = (
				AF65D4612D40AB1A006AD2F6 /* Profile */,
				AF65D4622D40AB1A006AD2F6 /* AccountClosing1View.swift */,
				AF65D4632D40AB1A006AD2F6 /* AccountClosing2View.swift */,
				AF65D4642D40AB1A006AD2F6 /* IdolAddView.swift */,
				AF65D4652D40AB1A006AD2F6 /* IdolChangeView.swift */,
				AF65D4662D40AB1A006AD2F6 /* LoginInfo.swift */,
				AF65D4672D40AB1A006AD2F6 /* MyPageTopView.swift */,
				AF65D4682D40AB1A006AD2F6 /* MyPageView.swift */,
				AF65D4692D40AB1A006AD2F6 /* PostDetailView.swift */,
				AF65D46A2D40AB1A006AD2F6 /* PostRecommendedFilterChangeView.swift */,
				AF65D46B2D40AB1A006AD2F6 /* PostScrapView.swift */,
				AF65D46C2D40AB1A006AD2F6 /* PushNotificationView.swift */,
			);
			path = MyPage;
			sourceTree = "<group>";
		};
		AF65D4702D40AB1A006AD2F6 /* OthersPage */ = {
			isa = PBXGroup;
			children = (
				AF65D46E2D40AB1A006AD2F6 /* OtherProfileView.swift */,
				AF65D46F2D40AB1A006AD2F6 /* ReviewWriteView.swift */,
			);
			path = OthersPage;
			sourceTree = "<group>";
		};
		AF65D4712D40AB1A006AD2F6 /* View */ = {
			isa = PBXGroup;
			children = (
				AF65D46D2D40AB1A006AD2F6 /* MyPage */,
				AF65D4702D40AB1A006AD2F6 /* OthersPage */,
			);
			path = View;
			sourceTree = "<group>";
		};
		AF65D4872D40AB2F006AD2F6 /* Profile */ = {
			isa = PBXGroup;
			children = (
				AF65D4832D40AB2F006AD2F6 /* FeedManagementViewController.swift */,
				AF65D4842D40AB2F006AD2F6 /* ProfileModifyViewController.swift */,
				AF65D4852D40AB2F006AD2F6 /* ProfileViewController.swift */,
				AF65D4862D40AB2F006AD2F6 /* ReviewViewController.swift */,
			);
			path = Profile;
			sourceTree = "<group>";
		};
		AF65D4922D40AB2F006AD2F6 /* MyPage */ = {
			isa = PBXGroup;
			children = (
				AF65D4872D40AB2F006AD2F6 /* Profile */,
				AF65D4882D40AB2F006AD2F6 /* AccountClosing1ViewController.swift */,
				AF65D4892D40AB2F006AD2F6 /* AccountClosing2ViewController.swift */,
				AF65D48A2D40AB2F006AD2F6 /* IdolAddViewController.swift */,
				AF65D48B2D40AB2F006AD2F6 /* IdolChangeViewController.swift */,
				AF65D48C2D40AB2F006AD2F6 /* LoginInfoViewController.swift */,
				AF65D48E2D40AB2F006AD2F6 /* PostDetailViewController.swift */,
				AF65D48F2D40AB2F006AD2F6 /* PostRecommendedFilterViewController.swift */,
				AF65D4902D40AB2F006AD2F6 /* PostScrapViewController.swift */,
				AF65D4912D40AB2F006AD2F6 /* PushNotificationViewController.swift */,
			);
			path = MyPage;
			sourceTree = "<group>";
		};
		AF65D4952D40AB2F006AD2F6 /* OtherPage */ = {
			isa = PBXGroup;
			children = (
				AF65D4932D40AB2F006AD2F6 /* OtherProfileModifyViewController.swift */,
				AF65D4942D40AB2F006AD2F6 /* ReviewWriteViewController.swift */,
			);
			path = OtherPage;
			sourceTree = "<group>";
		};
		AF65D49A2D40AB2F006AD2F6 /* ViewControllers */ = {
			isa = PBXGroup;
			children = (
				AF65D4922D40AB2F006AD2F6 /* MyPage */,
				AF65D4952D40AB2F006AD2F6 /* OtherPage */,
			);
			path = ViewControllers;
			sourceTree = "<group>";
		};
		FA4FE3FE2D2FA23D007423E3 = {
			isa = PBXGroup;
			children = (
				FA4FE4092D2FA23D007423E3 /* Duckmelang */,
				AF65D4712D40AB1A006AD2F6 /* View */,
				AF65D49A2D40AB2F006AD2F6 /* ViewControllers */,
			);
			sourceTree = "<group>";
		};
/* End PBXGroup section */

/* Begin PBXNativeTarget section */
		FA4FE4062D2FA23D007423E3 /* Duckmelang */ = {
			isa = PBXNativeTarget;
			buildConfigurationList = FA4FE41A2D2FA23E007423E3 /* Build configuration list for PBXNativeTarget "Duckmelang" */;
			buildPhases = (
				FA4FE4032D2FA23D007423E3 /* Sources */,
				FA4FE4042D2FA23D007423E3 /* Frameworks */,
				FA4FE4052D2FA23D007423E3 /* Resources */,
			);
			buildRules = (
			);
			dependencies = (
			);
			fileSystemSynchronizedGroups = (
				FA4FE4092D2FA23D007423E3 /* Duckmelang */,
			);
			name = Duckmelang;
			packageProductDependencies = (
				FA4FE4DB2D2FA7C6007423E3 /* SnapKit */,
				FA4FE4DE2D2FA7CF007423E3 /* Then */,
				FA4FE4E12D2FA7F9007423E3 /* Moya */,
				FA4FE4E42D2FA80D007423E3 /* Kingfisher */,
				AF65D4B62D40B481006AD2F6 /* Cosmos */,
			);
			productName = Duckmelang;
			productReference = FA4FE4072D2FA23D007423E3 /* Duckmelang.app */;
			productType = "com.apple.product-type.application";
		};
/* End PBXNativeTarget section */

/* Begin PBXProject section */
		FA4FE3FF2D2FA23D007423E3 /* Project object */ = {
			isa = PBXProject;
			attributes = {
				BuildIndependentTargetsInParallel = 1;
				LastSwiftUpdateCheck = 1620;
				LastUpgradeCheck = 1620;
				TargetAttributes = {
					FA4FE4062D2FA23D007423E3 = {
						CreatedOnToolsVersion = 16.2;
					};
				};
			};
			buildConfigurationList = FA4FE4022D2FA23D007423E3 /* Build configuration list for PBXProject "Duckmelang" */;
			developmentRegion = en;
			hasScannedForEncodings = 0;
			knownRegions = (
				en,
				Base,
			);
			mainGroup = FA4FE3FE2D2FA23D007423E3;
			minimizedProjectReferenceProxies = 1;
			packageReferences = (
				FA4FE4DA2D2FA7C6007423E3 /* XCRemoteSwiftPackageReference "SnapKit" */,
				FA4FE4DD2D2FA7CF007423E3 /* XCRemoteSwiftPackageReference "Then" */,
				FA4FE4E02D2FA7F9007423E3 /* XCRemoteSwiftPackageReference "Moya" */,
				FA4FE4E32D2FA80D007423E3 /* XCRemoteSwiftPackageReference "Kingfisher" */,
				AF65D4B52D40B481006AD2F6 /* XCRemoteSwiftPackageReference "Cosmos" */,
			);
			preferredProjectObjectVersion = 77;
			productRefGroup = FA4FE3FE2D2FA23D007423E3;
			projectDirPath = "";
			projectRoot = "";
			targets = (
				FA4FE4062D2FA23D007423E3 /* Duckmelang */,
			);
		};
/* End PBXProject section */

/* Begin PBXResourcesBuildPhase section */
		FA4FE4052D2FA23D007423E3 /* Resources */ = {
			isa = PBXResourcesBuildPhase;
			buildActionMask = 2147483647;
			files = (
			);
			runOnlyForDeploymentPostprocessing = 0;
		};
/* End PBXResourcesBuildPhase section */

/* Begin PBXSourcesBuildPhase section */
		FA4FE4032D2FA23D007423E3 /* Sources */ = {
			isa = PBXSourcesBuildPhase;
			buildActionMask = 2147483647;
			files = (
				AF65D4722D40AB1B006AD2F6 /* ProfileModifyView.swift in Sources */,
				AF65D4732D40AB1B006AD2F6 /* PostScrapView.swift in Sources */,
				AF65D4742D40AB1B006AD2F6 /* AccountClosing2View.swift in Sources */,
				AF65D4752D40AB1B006AD2F6 /* IdolChangeView.swift in Sources */,
				AF65D4762D40AB1B006AD2F6 /* OtherProfileView.swift in Sources */,
				AF65D4772D40AB1B006AD2F6 /* MyPageView.swift in Sources */,
				AF65D4782D40AB1B006AD2F6 /* ProfileView.swift in Sources */,
				AF65D4792D40AB1B006AD2F6 /* PushNotificationView.swift in Sources */,
				AF65D47A2D40AB1B006AD2F6 /* IdolAddView.swift in Sources */,
				AF65D47B2D40AB1B006AD2F6 /* ReviewView.swift in Sources */,
				AF65D47C2D40AB1B006AD2F6 /* LoginInfo.swift in Sources */,
				AF65D47D2D40AB1B006AD2F6 /* FeedManagementViewl.swift in Sources */,
				AF65D47E2D40AB1B006AD2F6 /* MyPageTopView.swift in Sources */,
				AF65D47F2D40AB1B006AD2F6 /* PostDetailView.swift in Sources */,
				AF65D4802D40AB1B006AD2F6 /* AccountClosing1View.swift in Sources */,
				AF65D49C2D40AB2F006AD2F6 /* AccountClosing1ViewController.swift in Sources */,
				AF65D49D2D40AB2F006AD2F6 /* IdolChangeViewController.swift in Sources */,
				AF65D49E2D40AB2F006AD2F6 /* AccountClosing2ViewController.swift in Sources */,
				AF65D49F2D40AB2F006AD2F6 /* ProfileViewController.swift in Sources */,
				AF65D4A12D40AB2F006AD2F6 /* IdolAddViewController.swift in Sources */,
				AF65D4A42D40AB2F006AD2F6 /* FeedManagementViewController.swift in Sources */,
				AF65D4A52D40AB2F006AD2F6 /* PostRecommendedFilterViewController.swift in Sources */,
				AF65D4A62D40AB2F006AD2F6 /* PostDetailViewController.swift in Sources */,
				AF65D4A72D40AB2F006AD2F6 /* OtherProfileModifyViewController.swift in Sources */,
				AF65D4A82D40AB2F006AD2F6 /* ReviewViewController.swift in Sources */,
				AF65D4A92D40AB2F006AD2F6 /* ProfileModifyViewController.swift in Sources */,
				AF65D4AA2D40AB2F006AD2F6 /* ReviewWriteViewController.swift in Sources */,
				AF65D4AB2D40AB2F006AD2F6 /* PostScrapViewController.swift in Sources */,
				AF65D4AD2D40AB2F006AD2F6 /* LoginInfoViewController.swift in Sources */,
				AF65D4AE2D40AB2F006AD2F6 /* PushNotificationViewController.swift in Sources */,
				AF65D4812D40AB1B006AD2F6 /* ReviewWriteView.swift in Sources */,
				AF65D4822D40AB1B006AD2F6 /* PostRecommendedFilterChangeView.swift in Sources */,
			);
			runOnlyForDeploymentPostprocessing = 0;
		};
/* End PBXSourcesBuildPhase section */

/* Begin XCBuildConfiguration section */
		FA4FE41B2D2FA23E007423E3 /* Debug */ = {
			isa = XCBuildConfiguration;
			buildSettings = {
				ASSETCATALOG_COMPILER_APPICON_NAME = AppIcon;
				ASSETCATALOG_COMPILER_GLOBAL_ACCENT_COLOR_NAME = AccentColor;
				CODE_SIGN_STYLE = Automatic;
				CURRENT_PROJECT_VERSION = 1;
				GENERATE_INFOPLIST_FILE = YES;
				INFOPLIST_FILE = Duckmelang/Info.plist;
				INFOPLIST_KEY_UIApplicationSupportsIndirectInputEvents = YES;
				INFOPLIST_KEY_UILaunchStoryboardName = LaunchScreen;
				INFOPLIST_KEY_UISupportedInterfaceOrientations_iPad = "UIInterfaceOrientationPortrait UIInterfaceOrientationPortraitUpsideDown UIInterfaceOrientationLandscapeLeft UIInterfaceOrientationLandscapeRight";
				INFOPLIST_KEY_UISupportedInterfaceOrientations_iPhone = "UIInterfaceOrientationPortrait UIInterfaceOrientationLandscapeLeft UIInterfaceOrientationLandscapeRight";
				LD_RUNPATH_SEARCH_PATHS = (
					"$(inherited)",
					"@executable_path/Frameworks",
				);
				MARKETING_VERSION = 1.0;
				PRODUCT_BUNDLE_IDENTIFIER = com.minyoy.Duckmelang;
				PRODUCT_NAME = "$(TARGET_NAME)";
				SWIFT_EMIT_LOC_STRINGS = YES;
				SWIFT_VERSION = 5.0;
				TARGETED_DEVICE_FAMILY = "1,2";
			};
			name = Debug;
		};
		FA4FE41C2D2FA23E007423E3 /* Release */ = {
			isa = XCBuildConfiguration;
			buildSettings = {
				ASSETCATALOG_COMPILER_APPICON_NAME = AppIcon;
				ASSETCATALOG_COMPILER_GLOBAL_ACCENT_COLOR_NAME = AccentColor;
				CODE_SIGN_STYLE = Automatic;
				CURRENT_PROJECT_VERSION = 1;
				GENERATE_INFOPLIST_FILE = YES;
				INFOPLIST_FILE = Duckmelang/Info.plist;
				INFOPLIST_KEY_UIApplicationSupportsIndirectInputEvents = YES;
				INFOPLIST_KEY_UILaunchStoryboardName = LaunchScreen;
				INFOPLIST_KEY_UISupportedInterfaceOrientations_iPad = "UIInterfaceOrientationPortrait UIInterfaceOrientationPortraitUpsideDown UIInterfaceOrientationLandscapeLeft UIInterfaceOrientationLandscapeRight";
				INFOPLIST_KEY_UISupportedInterfaceOrientations_iPhone = "UIInterfaceOrientationPortrait UIInterfaceOrientationLandscapeLeft UIInterfaceOrientationLandscapeRight";
				LD_RUNPATH_SEARCH_PATHS = (
					"$(inherited)",
					"@executable_path/Frameworks",
				);
				MARKETING_VERSION = 1.0;
				PRODUCT_BUNDLE_IDENTIFIER = com.minyoy.Duckmelang;
				PRODUCT_NAME = "$(TARGET_NAME)";
				SWIFT_EMIT_LOC_STRINGS = YES;
				SWIFT_VERSION = 5.0;
				TARGETED_DEVICE_FAMILY = "1,2";
			};
			name = Release;
		};
		FA4FE41D2D2FA23E007423E3 /* Debug */ = {
			isa = XCBuildConfiguration;
			buildSettings = {
				ALWAYS_SEARCH_USER_PATHS = NO;
				ASSETCATALOG_COMPILER_GENERATE_SWIFT_ASSET_SYMBOL_EXTENSIONS = YES;
				CLANG_ANALYZER_NONNULL = YES;
				CLANG_ANALYZER_NUMBER_OBJECT_CONVERSION = YES_AGGRESSIVE;
				CLANG_CXX_LANGUAGE_STANDARD = "gnu++20";
				CLANG_ENABLE_MODULES = YES;
				CLANG_ENABLE_OBJC_ARC = YES;
				CLANG_ENABLE_OBJC_WEAK = YES;
				CLANG_WARN_BLOCK_CAPTURE_AUTORELEASING = YES;
				CLANG_WARN_BOOL_CONVERSION = YES;
				CLANG_WARN_COMMA = YES;
				CLANG_WARN_CONSTANT_CONVERSION = YES;
				CLANG_WARN_DEPRECATED_OBJC_IMPLEMENTATIONS = YES;
				CLANG_WARN_DIRECT_OBJC_ISA_USAGE = YES_ERROR;
				CLANG_WARN_DOCUMENTATION_COMMENTS = YES;
				CLANG_WARN_EMPTY_BODY = YES;
				CLANG_WARN_ENUM_CONVERSION = YES;
				CLANG_WARN_INFINITE_RECURSION = YES;
				CLANG_WARN_INT_CONVERSION = YES;
				CLANG_WARN_NON_LITERAL_NULL_CONVERSION = YES;
				CLANG_WARN_OBJC_IMPLICIT_RETAIN_SELF = YES;
				CLANG_WARN_OBJC_LITERAL_CONVERSION = YES;
				CLANG_WARN_OBJC_ROOT_CLASS = YES_ERROR;
				CLANG_WARN_QUOTED_INCLUDE_IN_FRAMEWORK_HEADER = YES;
				CLANG_WARN_RANGE_LOOP_ANALYSIS = YES;
				CLANG_WARN_STRICT_PROTOTYPES = YES;
				CLANG_WARN_SUSPICIOUS_MOVE = YES;
				CLANG_WARN_UNGUARDED_AVAILABILITY = YES_AGGRESSIVE;
				CLANG_WARN_UNREACHABLE_CODE = YES;
				CLANG_WARN__DUPLICATE_METHOD_MATCH = YES;
				COPY_PHASE_STRIP = NO;
				DEBUG_INFORMATION_FORMAT = dwarf;
				ENABLE_STRICT_OBJC_MSGSEND = YES;
				ENABLE_TESTABILITY = YES;
				ENABLE_USER_SCRIPT_SANDBOXING = YES;
				GCC_C_LANGUAGE_STANDARD = gnu17;
				GCC_DYNAMIC_NO_PIC = NO;
				GCC_NO_COMMON_BLOCKS = YES;
				GCC_OPTIMIZATION_LEVEL = 0;
				GCC_PREPROCESSOR_DEFINITIONS = (
					"DEBUG=1",
					"$(inherited)",
				);
				GCC_WARN_64_TO_32_BIT_CONVERSION = YES;
				GCC_WARN_ABOUT_RETURN_TYPE = YES_ERROR;
				GCC_WARN_UNDECLARED_SELECTOR = YES;
				GCC_WARN_UNINITIALIZED_AUTOS = YES_AGGRESSIVE;
				GCC_WARN_UNUSED_FUNCTION = YES;
				GCC_WARN_UNUSED_VARIABLE = YES;
				IPHONEOS_DEPLOYMENT_TARGET = 18.2;
				LOCALIZATION_PREFERS_STRING_CATALOGS = YES;
				MTL_ENABLE_DEBUG_INFO = INCLUDE_SOURCE;
				MTL_FAST_MATH = YES;
				ONLY_ACTIVE_ARCH = YES;
				SDKROOT = iphoneos;
				SWIFT_ACTIVE_COMPILATION_CONDITIONS = "DEBUG $(inherited)";
				SWIFT_OPTIMIZATION_LEVEL = "-Onone";
			};
			name = Debug;
		};
		FA4FE41E2D2FA23E007423E3 /* Release */ = {
			isa = XCBuildConfiguration;
			buildSettings = {
				ALWAYS_SEARCH_USER_PATHS = NO;
				ASSETCATALOG_COMPILER_GENERATE_SWIFT_ASSET_SYMBOL_EXTENSIONS = YES;
				CLANG_ANALYZER_NONNULL = YES;
				CLANG_ANALYZER_NUMBER_OBJECT_CONVERSION = YES_AGGRESSIVE;
				CLANG_CXX_LANGUAGE_STANDARD = "gnu++20";
				CLANG_ENABLE_MODULES = YES;
				CLANG_ENABLE_OBJC_ARC = YES;
				CLANG_ENABLE_OBJC_WEAK = YES;
				CLANG_WARN_BLOCK_CAPTURE_AUTORELEASING = YES;
				CLANG_WARN_BOOL_CONVERSION = YES;
				CLANG_WARN_COMMA = YES;
				CLANG_WARN_CONSTANT_CONVERSION = YES;
				CLANG_WARN_DEPRECATED_OBJC_IMPLEMENTATIONS = YES;
				CLANG_WARN_DIRECT_OBJC_ISA_USAGE = YES_ERROR;
				CLANG_WARN_DOCUMENTATION_COMMENTS = YES;
				CLANG_WARN_EMPTY_BODY = YES;
				CLANG_WARN_ENUM_CONVERSION = YES;
				CLANG_WARN_INFINITE_RECURSION = YES;
				CLANG_WARN_INT_CONVERSION = YES;
				CLANG_WARN_NON_LITERAL_NULL_CONVERSION = YES;
				CLANG_WARN_OBJC_IMPLICIT_RETAIN_SELF = YES;
				CLANG_WARN_OBJC_LITERAL_CONVERSION = YES;
				CLANG_WARN_OBJC_ROOT_CLASS = YES_ERROR;
				CLANG_WARN_QUOTED_INCLUDE_IN_FRAMEWORK_HEADER = YES;
				CLANG_WARN_RANGE_LOOP_ANALYSIS = YES;
				CLANG_WARN_STRICT_PROTOTYPES = YES;
				CLANG_WARN_SUSPICIOUS_MOVE = YES;
				CLANG_WARN_UNGUARDED_AVAILABILITY = YES_AGGRESSIVE;
				CLANG_WARN_UNREACHABLE_CODE = YES;
				CLANG_WARN__DUPLICATE_METHOD_MATCH = YES;
				COPY_PHASE_STRIP = NO;
				DEBUG_INFORMATION_FORMAT = "dwarf-with-dsym";
				ENABLE_NS_ASSERTIONS = NO;
				ENABLE_STRICT_OBJC_MSGSEND = YES;
				ENABLE_USER_SCRIPT_SANDBOXING = YES;
				GCC_C_LANGUAGE_STANDARD = gnu17;
				GCC_NO_COMMON_BLOCKS = YES;
				GCC_WARN_64_TO_32_BIT_CONVERSION = YES;
				GCC_WARN_ABOUT_RETURN_TYPE = YES_ERROR;
				GCC_WARN_UNDECLARED_SELECTOR = YES;
				GCC_WARN_UNINITIALIZED_AUTOS = YES_AGGRESSIVE;
				GCC_WARN_UNUSED_FUNCTION = YES;
				GCC_WARN_UNUSED_VARIABLE = YES;
				IPHONEOS_DEPLOYMENT_TARGET = 18.2;
				LOCALIZATION_PREFERS_STRING_CATALOGS = YES;
				MTL_ENABLE_DEBUG_INFO = NO;
				MTL_FAST_MATH = YES;
				SDKROOT = iphoneos;
				SWIFT_COMPILATION_MODE = wholemodule;
				VALIDATE_PRODUCT = YES;
			};
			name = Release;
		};
/* End XCBuildConfiguration section */

/* Begin XCConfigurationList section */
		FA4FE4022D2FA23D007423E3 /* Build configuration list for PBXProject "Duckmelang" */ = {
			isa = XCConfigurationList;
			buildConfigurations = (
				FA4FE41D2D2FA23E007423E3 /* Debug */,
				FA4FE41E2D2FA23E007423E3 /* Release */,
			);
			defaultConfigurationIsVisible = 0;
			defaultConfigurationName = Release;
		};
		FA4FE41A2D2FA23E007423E3 /* Build configuration list for PBXNativeTarget "Duckmelang" */ = {
			isa = XCConfigurationList;
			buildConfigurations = (
				FA4FE41B2D2FA23E007423E3 /* Debug */,
				FA4FE41C2D2FA23E007423E3 /* Release */,
			);
			defaultConfigurationIsVisible = 0;
			defaultConfigurationName = Release;
		};
/* End XCConfigurationList section */

/* Begin XCRemoteSwiftPackageReference section */
		AF65D4B52D40B481006AD2F6 /* XCRemoteSwiftPackageReference "Cosmos" */ = {
			isa = XCRemoteSwiftPackageReference;
			repositoryURL = "https://github.com/evgenyneu/Cosmos.git";
			requirement = {
				kind = upToNextMajorVersion;
				minimumVersion = 25.0.1;
			};
		};
		FA4FE4DA2D2FA7C6007423E3 /* XCRemoteSwiftPackageReference "SnapKit" */ = {
			isa = XCRemoteSwiftPackageReference;
			repositoryURL = "https://github.com/SnapKit/SnapKit";
			requirement = {
				kind = upToNextMajorVersion;
				minimumVersion = 5.7.1;
			};
		};
		FA4FE4DD2D2FA7CF007423E3 /* XCRemoteSwiftPackageReference "Then" */ = {
			isa = XCRemoteSwiftPackageReference;
			repositoryURL = "https://github.com/devxoul/Then";
			requirement = {
				kind = upToNextMajorVersion;
				minimumVersion = 3.0.0;
			};
		};
		FA4FE4E02D2FA7F9007423E3 /* XCRemoteSwiftPackageReference "Moya" */ = {
			isa = XCRemoteSwiftPackageReference;
			repositoryURL = "https://github.com/Moya/Moya";
			requirement = {
				kind = upToNextMajorVersion;
				minimumVersion = 15.0.3;
			};
		};
		FA4FE4E32D2FA80D007423E3 /* XCRemoteSwiftPackageReference "Kingfisher" */ = {
			isa = XCRemoteSwiftPackageReference;
			repositoryURL = "https://github.com/onevcat/Kingfisher";
			requirement = {
				kind = upToNextMajorVersion;
				minimumVersion = 8.1.3;
			};
		};
/* End XCRemoteSwiftPackageReference section */

/* Begin XCSwiftPackageProductDependency section */
		AF65D4B62D40B481006AD2F6 /* Cosmos */ = {
			isa = XCSwiftPackageProductDependency;
			package = AF65D4B52D40B481006AD2F6 /* XCRemoteSwiftPackageReference "Cosmos" */;
			productName = Cosmos;
		};
		FA4FE4DB2D2FA7C6007423E3 /* SnapKit */ = {
			isa = XCSwiftPackageProductDependency;
			package = FA4FE4DA2D2FA7C6007423E3 /* XCRemoteSwiftPackageReference "SnapKit" */;
			productName = SnapKit;
		};
		FA4FE4DE2D2FA7CF007423E3 /* Then */ = {
			isa = XCSwiftPackageProductDependency;
			package = FA4FE4DD2D2FA7CF007423E3 /* XCRemoteSwiftPackageReference "Then" */;
			productName = Then;
		};
		FA4FE4E12D2FA7F9007423E3 /* Moya */ = {
			isa = XCSwiftPackageProductDependency;
			package = FA4FE4E02D2FA7F9007423E3 /* XCRemoteSwiftPackageReference "Moya" */;
			productName = Moya;
		};
		FA4FE4E42D2FA80D007423E3 /* Kingfisher */ = {
			isa = XCSwiftPackageProductDependency;
			package = FA4FE4E32D2FA80D007423E3 /* XCRemoteSwiftPackageReference "Kingfisher" */;
			productName = Kingfisher;
		};
/* End XCSwiftPackageProductDependency section */
	};
	rootObject = FA4FE3FF2D2FA23D007423E3 /* Project object */;
}
